
Microsoft Visual Studio Solution File, Format Version 12.00
# Visual Studio Version 17
VisualStudioVersion = 17.3.32901.215
MinimumVisualStudioVersion = 10.0.40219.1
Project("{2150E333-8FDC-42A3-9474-1A3956D46DE8}") = "Services", "Services", "{B1D25CAE-1A29-457E-967E-AC9B532481AA}"
EndProject
Project("{2150E333-8FDC-42A3-9474-1A3956D46DE8}") = "Catalog", "Catalog", "{E83E84F8-D7CA-47F9-A058-BCC348A4D874}"
EndProject
Project("{FAE04EC0-301F-11D3-BF4B-00C04F79EFBC}") = "Catalog.API", "Services\Catalog\Catalog.API\Catalog.API.csproj", "{2F63B836-5DCE-44DC-B8A3-3357B9272A0D}"
EndProject
Global
	GlobalSection(SolutionConfigurationPlatforms) = preSolution
		Debug|Any CPU = Debug|Any CPU
		Release|Any CPU = Release|Any CPU
	EndGlobalSection
	GlobalSection(ProjectConfigurationPlatforms) = postSolution
		{2F63B836-5DCE-44DC-B8A3-3357B9272A0D}.Debug|Any CPU.ActiveCfg = Debug|Any CPU
		{2F63B836-5DCE-44DC-B8A3-3357B9272A0D}.Debug|Any CPU.Build.0 = Debug|Any CPU
		{2F63B836-5DCE-44DC-B8A3-3357B9272A0D}.Release|Any CPU.ActiveCfg = Release|Any CPU
		{2F63B836-5DCE-44DC-B8A3-3357B9272A0D}.Release|Any CPU.Build.0 = Release|Any CPU
	EndGlobalSection
	GlobalSection(SolutionProperties) = preSolution
		HideSolutionNode = FALSE
	EndGlobalSection
	GlobalSection(NestedProjects) = preSolution
		{E83E84F8-D7CA-47F9-A058-BCC348A4D874} = {B1D25CAE-1A29-457E-967E-AC9B532481AA}
		{2F63B836-5DCE-44DC-B8A3-3357B9272A0D} = {E83E84F8-D7CA-47F9-A058-BCC348A4D874}
	EndGlobalSection
	GlobalSection(ExtensibilityGlobals) = postSolution
		SolutionGuid = {5B166F09-EDF7-44B5-B114-659BE8997F6B}
	EndGlobalSection
EndGlobal
